// !$*UTF8*$!
{
	archiveVersion = 1;
	classes = {
	};
	objectVersion = 50;
	objects = {

/* Begin PBXBuildFile section */
		600E1B852093993F00B1AD9C /* PrepareForSegue.framework in Frameworks */ = {isa = PBXBuildFile; fileRef = 600E1B7B2093993E00B1AD9C /* PrepareForSegue.framework */; };
		600E1B8C2093993F00B1AD9C /* PrepareForSegue.h in Headers */ = {isa = PBXBuildFile; fileRef = 600E1B7E2093993E00B1AD9C /* PrepareForSegue.h */; settings = {ATTRIBUTES = (Public, ); }; };
		600E1B972093A87C00B1AD9C /* ValidPrepareTests.m in Sources */ = {isa = PBXBuildFile; fileRef = 600E1B962093A87C00B1AD9C /* ValidPrepareTests.m */; };
		600E1B9C2093AA6100B1AD9C /* ValidPrepareTestsViewController.m in Sources */ = {isa = PBXBuildFile; fileRef = 600E1B9B2093AA6100B1AD9C /* ValidPrepareTestsViewController.m */; };
		600E1B9F2093CC6900B1AD9C /* InvalidPrepareTests.m in Sources */ = {isa = PBXBuildFile; fileRef = 600E1B9E2093CC6900B1AD9C /* InvalidPrepareTests.m */; };
		600E1BA22093CCE400B1AD9C /* InvalidPrepareTestsViewController.m in Sources */ = {isa = PBXBuildFile; fileRef = 600E1BA12093CCE400B1AD9C /* InvalidPrepareTestsViewController.m */; };
		600E1BA52093CFF000B1AD9C /* ValidShouldPerformTests.m in Sources */ = {isa = PBXBuildFile; fileRef = 600E1BA42093CFF000B1AD9C /* ValidShouldPerformTests.m */; };
		600E1BA82093D03D00B1AD9C /* ValidShouldPerformTestsViewController.m in Sources */ = {isa = PBXBuildFile; fileRef = 600E1BA72093D03D00B1AD9C /* ValidShouldPerformTestsViewController.m */; };
		600E1BAB2093D27B00B1AD9C /* InvalidShouldPerformTests.m in Sources */ = {isa = PBXBuildFile; fileRef = 600E1BAA2093D27B00B1AD9C /* InvalidShouldPerformTests.m */; };
		600E1BAE2093D28500B1AD9C /* InvalidShouldPerformTestsViewController.m in Sources */ = {isa = PBXBuildFile; fileRef = 600E1BAD2093D28500B1AD9C /* InvalidShouldPerformTestsViewController.m */; };
		604349832094C3A200127C7A /* AppDelegate.swift in Sources */ = {isa = PBXBuildFile; fileRef = 604349822094C3A200127C7A /* AppDelegate.swift */; };
		604349882094C3A200127C7A /* Main.storyboard in Resources */ = {isa = PBXBuildFile; fileRef = 604349862094C3A200127C7A /* Main.storyboard */; };
		6043498A2094C3A200127C7A /* Assets.xcassets in Resources */ = {isa = PBXBuildFile; fileRef = 604349892094C3A200127C7A /* Assets.xcassets */; };
		6043498D2094C3A200127C7A /* LaunchScreen.storyboard in Resources */ = {isa = PBXBuildFile; fileRef = 6043498B2094C3A200127C7A /* LaunchScreen.storyboard */; };
		604349932094C3B100127C7A /* PrepareForSegue.framework in Frameworks */ = {isa = PBXBuildFile; fileRef = 600E1B7B2093993E00B1AD9C /* PrepareForSegue.framework */; };
		604349952094C61000127C7A /* MainViewController.swift in Sources */ = {isa = PBXBuildFile; fileRef = 604349942094C61000127C7A /* MainViewController.swift */; };
		604349972094C8CB00127C7A /* SamplesTableViewController.swift in Sources */ = {isa = PBXBuildFile; fileRef = 604349962094C8CB00127C7A /* SamplesTableViewController.swift */; };
		6047FC97209D579000906100 /* ValidPrepareWithSenderTestsViewController.m in Sources */ = {isa = PBXBuildFile; fileRef = 6047FC96209D579000906100 /* ValidPrepareWithSenderTestsViewController.m */; };
		6047FC99209D581300906100 /* ValidPrepareWithSenderTests.m in Sources */ = {isa = PBXBuildFile; fileRef = 6047FC98209D581300906100 /* ValidPrepareWithSenderTests.m */; };
		60717AAD2096DD1800A714C3 /* OverridingImplementationTests.m in Sources */ = {isa = PBXBuildFile; fileRef = 60717AAC2096DD1800A714C3 /* OverridingImplementationTests.m */; };
		60717AB02096DD3200A714C3 /* OverridingImplementationTestsViewController.m in Sources */ = {isa = PBXBuildFile; fileRef = 60717AAF2096DD3200A714C3 /* OverridingImplementationTestsViewController.m */; };
		609DA20A2093DA5400409FB3 /* ASPrepareForSegueLoader.m in Sources */ = {isa = PBXBuildFile; fileRef = 609DA2082093DA5400409FB3 /* ASPrepareForSegueLoader.m */; };
		60B2AE1C209F47E50050E2C4 /* ValidPrepareWithAndWithoutSenderTestsViewController.m in Sources */ = {isa = PBXBuildFile; fileRef = 60B2AE1B209F47E50050E2C4 /* ValidPrepareWithAndWithoutSenderTestsViewController.m */; };
		60B2AE1E209F47F20050E2C4 /* ValidPrepareWithAndWithoutSenderTests.m in Sources */ = {isa = PBXBuildFile; fileRef = 60B2AE1D209F47F20050E2C4 /* ValidPrepareWithAndWithoutSenderTests.m */; };
		60B2AE22209F69970050E2C4 /* ValidPrepareAndInvalidPrepareWithSenderTests.m in Sources */ = {isa = PBXBuildFile; fileRef = 60B2AE21209F69970050E2C4 /* ValidPrepareAndInvalidPrepareWithSenderTests.m */; };
		60B2AE25209F69A70050E2C4 /* ValidPrepareAndInvalidPrepareWithSenderTestsViewController.m in Sources */ = {isa = PBXBuildFile; fileRef = 60B2AE24209F69A70050E2C4 /* ValidPrepareAndInvalidPrepareWithSenderTestsViewController.m */; };
		60B2AE29209FA1EA0050E2C4 /* ValidShouldPerformWithSenderTestsViewController.m in Sources */ = {isa = PBXBuildFile; fileRef = 60B2AE28209FA1EA0050E2C4 /* ValidShouldPerformWithSenderTestsViewController.m */; };
		60B2AE2B209FA1F90050E2C4 /* ValidShouldPerformWithSenderTests.m in Sources */ = {isa = PBXBuildFile; fileRef = 60B2AE2A209FA1F90050E2C4 /* ValidShouldPerformWithSenderTests.m */; };
		60B2AE2F209FA3F70050E2C4 /* ValidShouldPerformWithAndWithoutSenderTestsViewController.m in Sources */ = {isa = PBXBuildFile; fileRef = 60B2AE2E209FA3F70050E2C4 /* ValidShouldPerformWithAndWithoutSenderTestsViewController.m */; };
		60B2AE31209FA4020050E2C4 /* ValidShouldPerformWithAndWithoutSenderTests.m in Sources */ = {isa = PBXBuildFile; fileRef = 60B2AE30209FA4020050E2C4 /* ValidShouldPerformWithAndWithoutSenderTests.m */; };
		60B2AE35209FA62F0050E2C4 /* ValidShouldPerformAndInvalidShouldPerformWithSenderTestsViewController.m in Sources */ = {isa = PBXBuildFile; fileRef = 60B2AE34209FA62F0050E2C4 /* ValidShouldPerformAndInvalidShouldPerformWithSenderTestsViewController.m */; };
		60B2AE37209FA6430050E2C4 /* ValidShouldPerformAndInvalidShouldPerformWithSenderTests.m in Sources */ = {isa = PBXBuildFile; fileRef = 60B2AE36209FA6430050E2C4 /* ValidShouldPerformAndInvalidShouldPerformWithSenderTests.m */; };
/* End PBXBuildFile section */

/* Begin PBXContainerItemProxy section */
		600E1B862093993F00B1AD9C /* PBXContainerItemProxy */ = {
			isa = PBXContainerItemProxy;
			containerPortal = 600E1B722093993E00B1AD9C /* Project object */;
			proxyType = 1;
			remoteGlobalIDString = 600E1B7A2093993E00B1AD9C;
			remoteInfo = PrepareForSegue;
		};
/* End PBXContainerItemProxy section */

/* Begin PBXFileReference section */
		600E1B7B2093993E00B1AD9C /* PrepareForSegue.framework */ = {isa = PBXFileReference; explicitFileType = wrapper.framework; includeInIndex = 0; path = PrepareForSegue.framework; sourceTree = BUILT_PRODUCTS_DIR; };
		600E1B7E2093993E00B1AD9C /* PrepareForSegue.h */ = {isa = PBXFileReference; lastKnownFileType = sourcecode.c.h; path = PrepareForSegue.h; sourceTree = "<group>"; };
		600E1B7F2093993E00B1AD9C /* Info.plist */ = {isa = PBXFileReference; lastKnownFileType = text.plist.xml; path = Info.plist; sourceTree = "<group>"; };
		600E1B842093993E00B1AD9C /* PrepareForSegueTests.xctest */ = {isa = PBXFileReference; explicitFileType = wrapper.cfbundle; includeInIndex = 0; path = PrepareForSegueTests.xctest; sourceTree = BUILT_PRODUCTS_DIR; };
		600E1B8B2093993F00B1AD9C /* Info.plist */ = {isa = PBXFileReference; lastKnownFileType = text.plist.xml; path = Info.plist; sourceTree = "<group>"; };
		600E1B962093A87C00B1AD9C /* ValidPrepareTests.m */ = {isa = PBXFileReference; lastKnownFileType = sourcecode.c.objc; path = ValidPrepareTests.m; sourceTree = "<group>"; };
		600E1B9A2093AA6100B1AD9C /* ValidPrepareTestsViewController.h */ = {isa = PBXFileReference; lastKnownFileType = sourcecode.c.h; path = ValidPrepareTestsViewController.h; sourceTree = "<group>"; };
		600E1B9B2093AA6100B1AD9C /* ValidPrepareTestsViewController.m */ = {isa = PBXFileReference; lastKnownFileType = sourcecode.c.objc; path = ValidPrepareTestsViewController.m; sourceTree = "<group>"; };
		600E1B9E2093CC6900B1AD9C /* InvalidPrepareTests.m */ = {isa = PBXFileReference; lastKnownFileType = sourcecode.c.objc; path = InvalidPrepareTests.m; sourceTree = "<group>"; };
		600E1BA02093CCE400B1AD9C /* InvalidPrepareTestsViewController.h */ = {isa = PBXFileReference; lastKnownFileType = sourcecode.c.h; path = InvalidPrepareTestsViewController.h; sourceTree = "<group>"; };
		600E1BA12093CCE400B1AD9C /* InvalidPrepareTestsViewController.m */ = {isa = PBXFileReference; lastKnownFileType = sourcecode.c.objc; path = InvalidPrepareTestsViewController.m; sourceTree = "<group>"; };
		600E1BA42093CFF000B1AD9C /* ValidShouldPerformTests.m */ = {isa = PBXFileReference; lastKnownFileType = sourcecode.c.objc; path = ValidShouldPerformTests.m; sourceTree = "<group>"; };
		600E1BA62093D03D00B1AD9C /* ValidShouldPerformTestsViewController.h */ = {isa = PBXFileReference; lastKnownFileType = sourcecode.c.h; path = ValidShouldPerformTestsViewController.h; sourceTree = "<group>"; };
		600E1BA72093D03D00B1AD9C /* ValidShouldPerformTestsViewController.m */ = {isa = PBXFileReference; lastKnownFileType = sourcecode.c.objc; path = ValidShouldPerformTestsViewController.m; sourceTree = "<group>"; };
		600E1BAA2093D27B00B1AD9C /* InvalidShouldPerformTests.m */ = {isa = PBXFileReference; lastKnownFileType = sourcecode.c.objc; path = InvalidShouldPerformTests.m; sourceTree = "<group>"; };
		600E1BAC2093D28500B1AD9C /* InvalidShouldPerformTestsViewController.h */ = {isa = PBXFileReference; lastKnownFileType = sourcecode.c.h; path = InvalidShouldPerformTestsViewController.h; sourceTree = "<group>"; };
		600E1BAD2093D28500B1AD9C /* InvalidShouldPerformTestsViewController.m */ = {isa = PBXFileReference; lastKnownFileType = sourcecode.c.objc; path = InvalidShouldPerformTestsViewController.m; sourceTree = "<group>"; };
		604349802094C3A200127C7A /* PrepareForSegueSample.app */ = {isa = PBXFileReference; explicitFileType = wrapper.application; includeInIndex = 0; path = PrepareForSegueSample.app; sourceTree = BUILT_PRODUCTS_DIR; };
		604349822094C3A200127C7A /* AppDelegate.swift */ = {isa = PBXFileReference; indentWidth = 2; lastKnownFileType = sourcecode.swift; path = AppDelegate.swift; sourceTree = "<group>"; tabWidth = 2; };
		604349872094C3A200127C7A /* Base */ = {isa = PBXFileReference; lastKnownFileType = file.storyboard; name = Base; path = Base.lproj/Main.storyboard; sourceTree = "<group>"; };
		604349892094C3A200127C7A /* Assets.xcassets */ = {isa = PBXFileReference; lastKnownFileType = folder.assetcatalog; path = Assets.xcassets; sourceTree = "<group>"; };
		6043498C2094C3A200127C7A /* Base */ = {isa = PBXFileReference; lastKnownFileType = file.storyboard; name = Base; path = Base.lproj/LaunchScreen.storyboard; sourceTree = "<group>"; };
		6043498E2094C3A200127C7A /* Info.plist */ = {isa = PBXFileReference; lastKnownFileType = text.plist.xml; path = Info.plist; sourceTree = "<group>"; };
		604349942094C61000127C7A /* MainViewController.swift */ = {isa = PBXFileReference; indentWidth = 2; lastKnownFileType = sourcecode.swift; path = MainViewController.swift; sourceTree = "<group>"; tabWidth = 2; };
		604349962094C8CB00127C7A /* SamplesTableViewController.swift */ = {isa = PBXFileReference; lastKnownFileType = sourcecode.swift; path = SamplesTableViewController.swift; sourceTree = "<group>"; };
		6047FC95209D579000906100 /* ValidPrepareWithSenderTestsViewController.h */ = {isa = PBXFileReference; lastKnownFileType = sourcecode.c.h; path = ValidPrepareWithSenderTestsViewController.h; sourceTree = "<group>"; };
		6047FC96209D579000906100 /* ValidPrepareWithSenderTestsViewController.m */ = {isa = PBXFileReference; lastKnownFileType = sourcecode.c.objc; path = ValidPrepareWithSenderTestsViewController.m; sourceTree = "<group>"; };
		6047FC98209D581300906100 /* ValidPrepareWithSenderTests.m */ = {isa = PBXFileReference; lastKnownFileType = sourcecode.c.objc; path = ValidPrepareWithSenderTests.m; sourceTree = "<group>"; };
		60717AAC2096DD1800A714C3 /* OverridingImplementationTests.m */ = {isa = PBXFileReference; lastKnownFileType = sourcecode.c.objc; path = OverridingImplementationTests.m; sourceTree = "<group>"; };
		60717AAE2096DD3200A714C3 /* OverridingImplementationTestsViewController.h */ = {isa = PBXFileReference; lastKnownFileType = sourcecode.c.h; path = OverridingImplementationTestsViewController.h; sourceTree = "<group>"; };
		60717AAF2096DD3200A714C3 /* OverridingImplementationTestsViewController.m */ = {isa = PBXFileReference; lastKnownFileType = sourcecode.c.objc; path = OverridingImplementationTestsViewController.m; sourceTree = "<group>"; };
		609DA2082093DA5400409FB3 /* ASPrepareForSegueLoader.m */ = {isa = PBXFileReference; lastKnownFileType = sourcecode.c.objc; path = ASPrepareForSegueLoader.m; sourceTree = "<group>"; };
		60B2AE1A209F47E50050E2C4 /* ValidPrepareWithAndWithoutSenderTestsViewController.h */ = {isa = PBXFileReference; lastKnownFileType = sourcecode.c.h; path = ValidPrepareWithAndWithoutSenderTestsViewController.h; sourceTree = "<group>"; };
		60B2AE1B209F47E50050E2C4 /* ValidPrepareWithAndWithoutSenderTestsViewController.m */ = {isa = PBXFileReference; lastKnownFileType = sourcecode.c.objc; path = ValidPrepareWithAndWithoutSenderTestsViewController.m; sourceTree = "<group>"; };
		60B2AE1D209F47F20050E2C4 /* ValidPrepareWithAndWithoutSenderTests.m */ = {isa = PBXFileReference; lastKnownFileType = sourcecode.c.objc; path = ValidPrepareWithAndWithoutSenderTests.m; sourceTree = "<group>"; };
		60B2AE21209F69970050E2C4 /* ValidPrepareAndInvalidPrepareWithSenderTests.m */ = {isa = PBXFileReference; lastKnownFileType = sourcecode.c.objc; path = ValidPrepareAndInvalidPrepareWithSenderTests.m; sourceTree = "<group>"; };
		60B2AE23209F69A70050E2C4 /* ValidPrepareAndInvalidPrepareWithSenderTestsViewController.h */ = {isa = PBXFileReference; lastKnownFileType = sourcecode.c.h; path = ValidPrepareAndInvalidPrepareWithSenderTestsViewController.h; sourceTree = "<group>"; };
		60B2AE24209F69A70050E2C4 /* ValidPrepareAndInvalidPrepareWithSenderTestsViewController.m */ = {isa = PBXFileReference; lastKnownFileType = sourcecode.c.objc; path = ValidPrepareAndInvalidPrepareWithSenderTestsViewController.m; sourceTree = "<group>"; };
		60B2AE27209FA1EA0050E2C4 /* ValidShouldPerformWithSenderTestsViewController.h */ = {isa = PBXFileReference; lastKnownFileType = sourcecode.c.h; path = ValidShouldPerformWithSenderTestsViewController.h; sourceTree = "<group>"; };
		60B2AE28209FA1EA0050E2C4 /* ValidShouldPerformWithSenderTestsViewController.m */ = {isa = PBXFileReference; lastKnownFileType = sourcecode.c.objc; path = ValidShouldPerformWithSenderTestsViewController.m; sourceTree = "<group>"; };
		60B2AE2A209FA1F90050E2C4 /* ValidShouldPerformWithSenderTests.m */ = {isa = PBXFileReference; lastKnownFileType = sourcecode.c.objc; path = ValidShouldPerformWithSenderTests.m; sourceTree = "<group>"; };
		60B2AE2D209FA3F70050E2C4 /* ValidShouldPerformWithAndWithoutSenderTestsViewController.h */ = {isa = PBXFileReference; lastKnownFileType = sourcecode.c.h; path = ValidShouldPerformWithAndWithoutSenderTestsViewController.h; sourceTree = "<group>"; };
		60B2AE2E209FA3F70050E2C4 /* ValidShouldPerformWithAndWithoutSenderTestsViewController.m */ = {isa = PBXFileReference; lastKnownFileType = sourcecode.c.objc; path = ValidShouldPerformWithAndWithoutSenderTestsViewController.m; sourceTree = "<group>"; };
		60B2AE30209FA4020050E2C4 /* ValidShouldPerformWithAndWithoutSenderTests.m */ = {isa = PBXFileReference; lastKnownFileType = sourcecode.c.objc; path = ValidShouldPerformWithAndWithoutSenderTests.m; sourceTree = "<group>"; };
		60B2AE33209FA62F0050E2C4 /* ValidShouldPerformAndInvalidShouldPerformWithSenderTestsViewController.h */ = {isa = PBXFileReference; lastKnownFileType = sourcecode.c.h; path = ValidShouldPerformAndInvalidShouldPerformWithSenderTestsViewController.h; sourceTree = "<group>"; };
		60B2AE34209FA62F0050E2C4 /* ValidShouldPerformAndInvalidShouldPerformWithSenderTestsViewController.m */ = {isa = PBXFileReference; lastKnownFileType = sourcecode.c.objc; path = ValidShouldPerformAndInvalidShouldPerformWithSenderTestsViewController.m; sourceTree = "<group>"; };
		60B2AE36209FA6430050E2C4 /* ValidShouldPerformAndInvalidShouldPerformWithSenderTests.m */ = {isa = PBXFileReference; lastKnownFileType = sourcecode.c.objc; path = ValidShouldPerformAndInvalidShouldPerformWithSenderTests.m; sourceTree = "<group>"; };
/* End PBXFileReference section */

/* Begin PBXFrameworksBuildPhase section */
		600E1B772093993E00B1AD9C /* Frameworks */ = {
			isa = PBXFrameworksBuildPhase;
			buildActionMask = 2147483647;
			files = (
			);
			runOnlyForDeploymentPostprocessing = 0;
		};
		600E1B812093993E00B1AD9C /* Frameworks */ = {
			isa = PBXFrameworksBuildPhase;
			buildActionMask = 2147483647;
			files = (
				600E1B852093993F00B1AD9C /* PrepareForSegue.framework in Frameworks */,
			);
			runOnlyForDeploymentPostprocessing = 0;
		};
		6043497D2094C3A200127C7A /* Frameworks */ = {
			isa = PBXFrameworksBuildPhase;
			buildActionMask = 2147483647;
			files = (
				604349932094C3B100127C7A /* PrepareForSegue.framework in Frameworks */,
			);
			runOnlyForDeploymentPostprocessing = 0;
		};
/* End PBXFrameworksBuildPhase section */

/* Begin PBXGroup section */
		600E1B712093993E00B1AD9C = {
			isa = PBXGroup;
			children = (
				600E1B7D2093993E00B1AD9C /* PrepareForSegue */,
				600E1B882093993F00B1AD9C /* PrepareForSegueTests */,
				604349812094C3A200127C7A /* PrepareForSegueSample */,
				600E1B7C2093993E00B1AD9C /* Products */,
				604349922094C3B100127C7A /* Frameworks */,
			);
			sourceTree = "<group>";
		};
		600E1B7C2093993E00B1AD9C /* Products */ = {
			isa = PBXGroup;
			children = (
				600E1B7B2093993E00B1AD9C /* PrepareForSegue.framework */,
				600E1B842093993E00B1AD9C /* PrepareForSegueTests.xctest */,
				604349802094C3A200127C7A /* PrepareForSegueSample.app */,
			);
			name = Products;
			sourceTree = "<group>";
		};
		600E1B7D2093993E00B1AD9C /* PrepareForSegue */ = {
			isa = PBXGroup;
			children = (
				600E1B7E2093993E00B1AD9C /* PrepareForSegue.h */,
				600E1B7F2093993E00B1AD9C /* Info.plist */,
				609DA2082093DA5400409FB3 /* ASPrepareForSegueLoader.m */,
			);
			path = PrepareForSegue;
			sourceTree = "<group>";
		};
		600E1B882093993F00B1AD9C /* PrepareForSegueTests */ = {
			isa = PBXGroup;
			children = (
				600E1B952093A81D00B1AD9C /* ValidPrepareTests */,
				6047FC94209D570C00906100 /* ValidPrepareWithSenderTests */,
				60B2AE19209F3C870050E2C4 /* ValidPrepareWithAndWithoutSenderTests */,
				60B2AE20209F69360050E2C4 /* ValidPrepareAndInvalidPrepareWithSenderTests */,
				600E1B9D2093CC4100B1AD9C /* InvalidPrepareTests */,
				600E1BA32093CFB500B1AD9C /* ValidShouldPerformTests */,
				60B2AE26209FA0F90050E2C4 /* ValidShouldPerformWithSenderTests */,
				60B2AE2C209FA3A40050E2C4 /* ValidShouldPerformWithAndWithoutSenderTests */,
				60B2AE32209FA5D00050E2C4 /* ValidShouldPerformAndInvalidShouldPerformWithSenderTests */,
				600E1BA92093D26200B1AD9C /* InvalidShouldPerformTests */,
				600E1B8B2093993F00B1AD9C /* Info.plist */,
				60717AAB2096DCE300A714C3 /* OverridingImplementationTests */,
			);
			path = PrepareForSegueTests;
			sourceTree = "<group>";
		};
		600E1B952093A81D00B1AD9C /* ValidPrepareTests */ = {
			isa = PBXGroup;
			children = (
				600E1B962093A87C00B1AD9C /* ValidPrepareTests.m */,
				600E1B9A2093AA6100B1AD9C /* ValidPrepareTestsViewController.h */,
				600E1B9B2093AA6100B1AD9C /* ValidPrepareTestsViewController.m */,
			);
			path = ValidPrepareTests;
			sourceTree = "<group>";
		};
		600E1B9D2093CC4100B1AD9C /* InvalidPrepareTests */ = {
			isa = PBXGroup;
			children = (
				600E1B9E2093CC6900B1AD9C /* InvalidPrepareTests.m */,
				600E1BA02093CCE400B1AD9C /* InvalidPrepareTestsViewController.h */,
				600E1BA12093CCE400B1AD9C /* InvalidPrepareTestsViewController.m */,
			);
			path = InvalidPrepareTests;
			sourceTree = "<group>";
		};
		600E1BA32093CFB500B1AD9C /* ValidShouldPerformTests */ = {
			isa = PBXGroup;
			children = (
				600E1BA42093CFF000B1AD9C /* ValidShouldPerformTests.m */,
				600E1BA62093D03D00B1AD9C /* ValidShouldPerformTestsViewController.h */,
				600E1BA72093D03D00B1AD9C /* ValidShouldPerformTestsViewController.m */,
			);
			path = ValidShouldPerformTests;
			sourceTree = "<group>";
		};
		600E1BA92093D26200B1AD9C /* InvalidShouldPerformTests */ = {
			isa = PBXGroup;
			children = (
				600E1BAA2093D27B00B1AD9C /* InvalidShouldPerformTests.m */,
				600E1BAC2093D28500B1AD9C /* InvalidShouldPerformTestsViewController.h */,
				600E1BAD2093D28500B1AD9C /* InvalidShouldPerformTestsViewController.m */,
			);
			path = InvalidShouldPerformTests;
			sourceTree = "<group>";
		};
		604349812094C3A200127C7A /* PrepareForSegueSample */ = {
			isa = PBXGroup;
			children = (
				604349822094C3A200127C7A /* AppDelegate.swift */,
				604349942094C61000127C7A /* MainViewController.swift */,
				604349962094C8CB00127C7A /* SamplesTableViewController.swift */,
				604349862094C3A200127C7A /* Main.storyboard */,
				604349892094C3A200127C7A /* Assets.xcassets */,
				6043498B2094C3A200127C7A /* LaunchScreen.storyboard */,
				6043498E2094C3A200127C7A /* Info.plist */,
			);
			path = PrepareForSegueSample;
			sourceTree = "<group>";
		};
		604349922094C3B100127C7A /* Frameworks */ = {
			isa = PBXGroup;
			children = (
			);
			name = Frameworks;
			sourceTree = "<group>";
		};
		6047FC94209D570C00906100 /* ValidPrepareWithSenderTests */ = {
			isa = PBXGroup;
			children = (
				6047FC98209D581300906100 /* ValidPrepareWithSenderTests.m */,
				6047FC95209D579000906100 /* ValidPrepareWithSenderTestsViewController.h */,
				6047FC96209D579000906100 /* ValidPrepareWithSenderTestsViewController.m */,
			);
			path = ValidPrepareWithSenderTests;
			sourceTree = "<group>";
		};
		60717AAB2096DCE300A714C3 /* OverridingImplementationTests */ = {
			isa = PBXGroup;
			children = (
				60717AAC2096DD1800A714C3 /* OverridingImplementationTests.m */,
				60717AAE2096DD3200A714C3 /* OverridingImplementationTestsViewController.h */,
				60717AAF2096DD3200A714C3 /* OverridingImplementationTestsViewController.m */,
			);
			path = OverridingImplementationTests;
			sourceTree = "<group>";
		};
		60B2AE19209F3C870050E2C4 /* ValidPrepareWithAndWithoutSenderTests */ = {
			isa = PBXGroup;
			children = (
				60B2AE1D209F47F20050E2C4 /* ValidPrepareWithAndWithoutSenderTests.m */,
				60B2AE1A209F47E50050E2C4 /* ValidPrepareWithAndWithoutSenderTestsViewController.h */,
				60B2AE1B209F47E50050E2C4 /* ValidPrepareWithAndWithoutSenderTestsViewController.m */,
			);
			path = ValidPrepareWithAndWithoutSenderTests;
			sourceTree = "<group>";
		};
		60B2AE20209F69360050E2C4 /* ValidPrepareAndInvalidPrepareWithSenderTests */ = {
			isa = PBXGroup;
			children = (
				60B2AE21209F69970050E2C4 /* ValidPrepareAndInvalidPrepareWithSenderTests.m */,
				60B2AE23209F69A70050E2C4 /* ValidPrepareAndInvalidPrepareWithSenderTestsViewController.h */,
				60B2AE24209F69A70050E2C4 /* ValidPrepareAndInvalidPrepareWithSenderTestsViewController.m */,
			);
			path = ValidPrepareAndInvalidPrepareWithSenderTests;
			sourceTree = "<group>";
		};
		60B2AE26209FA0F90050E2C4 /* ValidShouldPerformWithSenderTests */ = {
			isa = PBXGroup;
			children = (
				60B2AE2A209FA1F90050E2C4 /* ValidShouldPerformWithSenderTests.m */,
				60B2AE27209FA1EA0050E2C4 /* ValidShouldPerformWithSenderTestsViewController.h */,
				60B2AE28209FA1EA0050E2C4 /* ValidShouldPerformWithSenderTestsViewController.m */,
			);
			path = ValidShouldPerformWithSenderTests;
			sourceTree = "<group>";
		};
		60B2AE2C209FA3A40050E2C4 /* ValidShouldPerformWithAndWithoutSenderTests */ = {
			isa = PBXGroup;
			children = (
				60B2AE30209FA4020050E2C4 /* ValidShouldPerformWithAndWithoutSenderTests.m */,
				60B2AE2D209FA3F70050E2C4 /* ValidShouldPerformWithAndWithoutSenderTestsViewController.h */,
				60B2AE2E209FA3F70050E2C4 /* ValidShouldPerformWithAndWithoutSenderTestsViewController.m */,
			);
			path = ValidShouldPerformWithAndWithoutSenderTests;
			sourceTree = "<group>";
		};
		60B2AE32209FA5D00050E2C4 /* ValidShouldPerformAndInvalidShouldPerformWithSenderTests */ = {
			isa = PBXGroup;
			children = (
				60B2AE36209FA6430050E2C4 /* ValidShouldPerformAndInvalidShouldPerformWithSenderTests.m */,
				60B2AE33209FA62F0050E2C4 /* ValidShouldPerformAndInvalidShouldPerformWithSenderTestsViewController.h */,
				60B2AE34209FA62F0050E2C4 /* ValidShouldPerformAndInvalidShouldPerformWithSenderTestsViewController.m */,
			);
			path = ValidShouldPerformAndInvalidShouldPerformWithSenderTests;
			sourceTree = "<group>";
		};
/* End PBXGroup section */

/* Begin PBXHeadersBuildPhase section */
		600E1B782093993E00B1AD9C /* Headers */ = {
			isa = PBXHeadersBuildPhase;
			buildActionMask = 2147483647;
			files = (
				600E1B8C2093993F00B1AD9C /* PrepareForSegue.h in Headers */,
			);
			runOnlyForDeploymentPostprocessing = 0;
		};
/* End PBXHeadersBuildPhase section */

/* Begin PBXNativeTarget section */
		600E1B7A2093993E00B1AD9C /* PrepareForSegue */ = {
			isa = PBXNativeTarget;
			buildConfigurationList = 600E1B8F2093993F00B1AD9C /* Build configuration list for PBXNativeTarget "PrepareForSegue" */;
			buildPhases = (
				600E1B762093993E00B1AD9C /* Sources */,
				600E1B772093993E00B1AD9C /* Frameworks */,
				600E1B782093993E00B1AD9C /* Headers */,
				600E1B792093993E00B1AD9C /* Resources */,
			);
			buildRules = (
			);
			dependencies = (
			);
			name = PrepareForSegue;
			productName = PrepareForSegue;
			productReference = 600E1B7B2093993E00B1AD9C /* PrepareForSegue.framework */;
			productType = "com.apple.product-type.framework";
		};
		600E1B832093993E00B1AD9C /* PrepareForSegueTests */ = {
			isa = PBXNativeTarget;
			buildConfigurationList = 600E1B922093993F00B1AD9C /* Build configuration list for PBXNativeTarget "PrepareForSegueTests" */;
			buildPhases = (
				600E1B802093993E00B1AD9C /* Sources */,
				600E1B812093993E00B1AD9C /* Frameworks */,
				600E1B822093993E00B1AD9C /* Resources */,
			);
			buildRules = (
			);
			dependencies = (
				600E1B872093993F00B1AD9C /* PBXTargetDependency */,
			);
			name = PrepareForSegueTests;
			productName = PrepareForSegueTests;
			productReference = 600E1B842093993E00B1AD9C /* PrepareForSegueTests.xctest */;
			productType = "com.apple.product-type.bundle.unit-test";
		};
		6043497F2094C3A200127C7A /* PrepareForSegueSample */ = {
			isa = PBXNativeTarget;
			buildConfigurationList = 604349912094C3A200127C7A /* Build configuration list for PBXNativeTarget "PrepareForSegueSample" */;
			buildPhases = (
				6043497C2094C3A200127C7A /* Sources */,
				6043497D2094C3A200127C7A /* Frameworks */,
				6043497E2094C3A200127C7A /* Resources */,
			);
			buildRules = (
			);
			dependencies = (
			);
			name = PrepareForSegueSample;
			productName = PrepareForSegueSample;
			productReference = 604349802094C3A200127C7A /* PrepareForSegueSample.app */;
			productType = "com.apple.product-type.application";
		};
/* End PBXNativeTarget section */

/* Begin PBXProject section */
		600E1B722093993E00B1AD9C /* Project object */ = {
			isa = PBXProject;
			attributes = {
				LastSwiftUpdateCheck = 0930;
				LastUpgradeCheck = 0930;
				ORGANIZATIONNAME = antonsergeev88;
				TargetAttributes = {
					600E1B7A2093993E00B1AD9C = {
						CreatedOnToolsVersion = 9.3;
					};
					600E1B832093993E00B1AD9C = {
						CreatedOnToolsVersion = 9.3;
					};
					6043497F2094C3A200127C7A = {
						CreatedOnToolsVersion = 9.3;
					};
				};
			};
			buildConfigurationList = 600E1B752093993E00B1AD9C /* Build configuration list for PBXProject "PrepareForSegue" */;
			compatibilityVersion = "Xcode 9.3";
			developmentRegion = en;
			hasScannedForEncodings = 0;
			knownRegions = (
				en,
				Base,
			);
			mainGroup = 600E1B712093993E00B1AD9C;
			productRefGroup = 600E1B7C2093993E00B1AD9C /* Products */;
			projectDirPath = "";
			projectRoot = "";
			targets = (
				600E1B7A2093993E00B1AD9C /* PrepareForSegue */,
				600E1B832093993E00B1AD9C /* PrepareForSegueTests */,
				6043497F2094C3A200127C7A /* PrepareForSegueSample */,
			);
		};
/* End PBXProject section */

/* Begin PBXResourcesBuildPhase section */
		600E1B792093993E00B1AD9C /* Resources */ = {
			isa = PBXResourcesBuildPhase;
			buildActionMask = 2147483647;
			files = (
			);
			runOnlyForDeploymentPostprocessing = 0;
		};
		600E1B822093993E00B1AD9C /* Resources */ = {
			isa = PBXResourcesBuildPhase;
			buildActionMask = 2147483647;
			files = (
			);
			runOnlyForDeploymentPostprocessing = 0;
		};
		6043497E2094C3A200127C7A /* Resources */ = {
			isa = PBXResourcesBuildPhase;
			buildActionMask = 2147483647;
			files = (
				6043498D2094C3A200127C7A /* LaunchScreen.storyboard in Resources */,
				6043498A2094C3A200127C7A /* Assets.xcassets in Resources */,
				604349882094C3A200127C7A /* Main.storyboard in Resources */,
			);
			runOnlyForDeploymentPostprocessing = 0;
		};
/* End PBXResourcesBuildPhase section */

/* Begin PBXSourcesBuildPhase section */
		600E1B762093993E00B1AD9C /* Sources */ = {
			isa = PBXSourcesBuildPhase;
			buildActionMask = 2147483647;
			files = (
				609DA20A2093DA5400409FB3 /* ASPrepareForSegueLoader.m in Sources */,
			);
			runOnlyForDeploymentPostprocessing = 0;
		};
		600E1B802093993E00B1AD9C /* Sources */ = {
			isa = PBXSourcesBuildPhase;
			buildActionMask = 2147483647;
			files = (
				60B2AE1E209F47F20050E2C4 /* ValidPrepareWithAndWithoutSenderTests.m in Sources */,
				60B2AE37209FA6430050E2C4 /* ValidShouldPerformAndInvalidShouldPerformWithSenderTests.m in Sources */,
				600E1B9C2093AA6100B1AD9C /* ValidPrepareTestsViewController.m in Sources */,
				600E1BAB2093D27B00B1AD9C /* InvalidShouldPerformTests.m in Sources */,
				600E1BA52093CFF000B1AD9C /* ValidShouldPerformTests.m in Sources */,
				60B2AE35209FA62F0050E2C4 /* ValidShouldPerformAndInvalidShouldPerformWithSenderTestsViewController.m in Sources */,
				60B2AE29209FA1EA0050E2C4 /* ValidShouldPerformWithSenderTestsViewController.m in Sources */,
				60B2AE31209FA4020050E2C4 /* ValidShouldPerformWithAndWithoutSenderTests.m in Sources */,
				60717AB02096DD3200A714C3 /* OverridingImplementationTestsViewController.m in Sources */,
				600E1B972093A87C00B1AD9C /* ValidPrepareTests.m in Sources */,
				600E1BA22093CCE400B1AD9C /* InvalidPrepareTestsViewController.m in Sources */,
				60B2AE2F209FA3F70050E2C4 /* ValidShouldPerformWithAndWithoutSenderTestsViewController.m in Sources */,
				60B2AE22209F69970050E2C4 /* ValidPrepareAndInvalidPrepareWithSenderTests.m in Sources */,
				600E1BA82093D03D00B1AD9C /* ValidShouldPerformTestsViewController.m in Sources */,
				60B2AE1C209F47E50050E2C4 /* ValidPrepareWithAndWithoutSenderTestsViewController.m in Sources */,
				6047FC99209D581300906100 /* ValidPrepareWithSenderTests.m in Sources */,
				6047FC97209D579000906100 /* ValidPrepareWithSenderTestsViewController.m in Sources */,
				600E1B9F2093CC6900B1AD9C /* InvalidPrepareTests.m in Sources */,
				600E1BAE2093D28500B1AD9C /* InvalidShouldPerformTestsViewController.m in Sources */,
				60B2AE25209F69A70050E2C4 /* ValidPrepareAndInvalidPrepareWithSenderTestsViewController.m in Sources */,
				60B2AE2B209FA1F90050E2C4 /* ValidShouldPerformWithSenderTests.m in Sources */,
				60717AAD2096DD1800A714C3 /* OverridingImplementationTests.m in Sources */,
			);
			runOnlyForDeploymentPostprocessing = 0;
		};
		6043497C2094C3A200127C7A /* Sources */ = {
			isa = PBXSourcesBuildPhase;
			buildActionMask = 2147483647;
			files = (
				604349832094C3A200127C7A /* AppDelegate.swift in Sources */,
				604349972094C8CB00127C7A /* SamplesTableViewController.swift in Sources */,
				604349952094C61000127C7A /* MainViewController.swift in Sources */,
			);
			runOnlyForDeploymentPostprocessing = 0;
		};
/* End PBXSourcesBuildPhase section */

/* Begin PBXTargetDependency section */
		600E1B872093993F00B1AD9C /* PBXTargetDependency */ = {
			isa = PBXTargetDependency;
			target = 600E1B7A2093993E00B1AD9C /* PrepareForSegue */;
			targetProxy = 600E1B862093993F00B1AD9C /* PBXContainerItemProxy */;
		};
/* End PBXTargetDependency section */

/* Begin PBXVariantGroup section */
		604349862094C3A200127C7A /* Main.storyboard */ = {
			isa = PBXVariantGroup;
			children = (
				604349872094C3A200127C7A /* Base */,
			);
			name = Main.storyboard;
			sourceTree = "<group>";
		};
		6043498B2094C3A200127C7A /* LaunchScreen.storyboard */ = {
			isa = PBXVariantGroup;
			children = (
				6043498C2094C3A200127C7A /* Base */,
			);
			name = LaunchScreen.storyboard;
			sourceTree = "<group>";
		};
/* End PBXVariantGroup section */

/* Begin XCBuildConfiguration section */
		600E1B8D2093993F00B1AD9C /* Debug */ = {
			isa = XCBuildConfiguration;
			buildSettings = {
				ALWAYS_SEARCH_USER_PATHS = NO;
				CLANG_ANALYZER_NONNULL = YES;
				CLANG_ANALYZER_NUMBER_OBJECT_CONVERSION = YES_AGGRESSIVE;
				CLANG_CXX_LANGUAGE_STANDARD = "gnu++14";
				CLANG_CXX_LIBRARY = "libc++";
				CLANG_ENABLE_MODULES = YES;
				CLANG_ENABLE_OBJC_ARC = YES;
				CLANG_ENABLE_OBJC_WEAK = YES;
				CLANG_WARN_BLOCK_CAPTURE_AUTORELEASING = YES;
				CLANG_WARN_BOOL_CONVERSION = YES;
				CLANG_WARN_COMMA = YES;
				CLANG_WARN_CONSTANT_CONVERSION = YES;
				CLANG_WARN_DEPRECATED_OBJC_IMPLEMENTATIONS = YES;
				CLANG_WARN_DIRECT_OBJC_ISA_USAGE = YES_ERROR;
				CLANG_WARN_DOCUMENTATION_COMMENTS = YES;
				CLANG_WARN_EMPTY_BODY = YES;
				CLANG_WARN_ENUM_CONVERSION = YES;
				CLANG_WARN_INFINITE_RECURSION = YES;
				CLANG_WARN_INT_CONVERSION = YES;
				CLANG_WARN_NON_LITERAL_NULL_CONVERSION = YES;
				CLANG_WARN_OBJC_IMPLICIT_RETAIN_SELF = YES;
				CLANG_WARN_OBJC_LITERAL_CONVERSION = YES;
				CLANG_WARN_OBJC_ROOT_CLASS = YES_ERROR;
				CLANG_WARN_RANGE_LOOP_ANALYSIS = YES;
				CLANG_WARN_STRICT_PROTOTYPES = YES;
				CLANG_WARN_SUSPICIOUS_MOVE = YES;
				CLANG_WARN_UNGUARDED_AVAILABILITY = YES_AGGRESSIVE;
				CLANG_WARN_UNREACHABLE_CODE = YES;
				CLANG_WARN__DUPLICATE_METHOD_MATCH = YES;
				CODE_SIGN_IDENTITY = "iPhone Developer";
				COPY_PHASE_STRIP = NO;
				CURRENT_PROJECT_VERSION = 1;
				DEBUG_INFORMATION_FORMAT = dwarf;
				ENABLE_STRICT_OBJC_MSGSEND = YES;
				ENABLE_TESTABILITY = YES;
				GCC_C_LANGUAGE_STANDARD = gnu11;
				GCC_DYNAMIC_NO_PIC = NO;
				GCC_NO_COMMON_BLOCKS = YES;
				GCC_OPTIMIZATION_LEVEL = 0;
				GCC_PREPROCESSOR_DEFINITIONS = (
					"DEBUG=1",
					"$(inherited)",
				);
				GCC_WARN_64_TO_32_BIT_CONVERSION = YES;
				GCC_WARN_ABOUT_RETURN_TYPE = YES_ERROR;
				GCC_WARN_UNDECLARED_SELECTOR = YES;
				GCC_WARN_UNINITIALIZED_AUTOS = YES_AGGRESSIVE;
				GCC_WARN_UNUSED_FUNCTION = YES;
				GCC_WARN_UNUSED_VARIABLE = YES;
				IPHONEOS_DEPLOYMENT_TARGET = 8.0;
				MTL_ENABLE_DEBUG_INFO = YES;
				ONLY_ACTIVE_ARCH = YES;
				SDKROOT = iphoneos;
				VERSIONING_SYSTEM = "apple-generic";
				VERSION_INFO_PREFIX = "";
			};
			name = Debug;
		};
		600E1B8E2093993F00B1AD9C /* Release */ = {
			isa = XCBuildConfiguration;
			buildSettings = {
				ALWAYS_SEARCH_USER_PATHS = NO;
				CLANG_ANALYZER_NONNULL = YES;
				CLANG_ANALYZER_NUMBER_OBJECT_CONVERSION = YES_AGGRESSIVE;
				CLANG_CXX_LANGUAGE_STANDARD = "gnu++14";
				CLANG_CXX_LIBRARY = "libc++";
				CLANG_ENABLE_MODULES = YES;
				CLANG_ENABLE_OBJC_ARC = YES;
				CLANG_ENABLE_OBJC_WEAK = YES;
				CLANG_WARN_BLOCK_CAPTURE_AUTORELEASING = YES;
				CLANG_WARN_BOOL_CONVERSION = YES;
				CLANG_WARN_COMMA = YES;
				CLANG_WARN_CONSTANT_CONVERSION = YES;
				CLANG_WARN_DEPRECATED_OBJC_IMPLEMENTATIONS = YES;
				CLANG_WARN_DIRECT_OBJC_ISA_USAGE = YES_ERROR;
				CLANG_WARN_DOCUMENTATION_COMMENTS = YES;
				CLANG_WARN_EMPTY_BODY = YES;
				CLANG_WARN_ENUM_CONVERSION = YES;
				CLANG_WARN_INFINITE_RECURSION = YES;
				CLANG_WARN_INT_CONVERSION = YES;
				CLANG_WARN_NON_LITERAL_NULL_CONVERSION = YES;
				CLANG_WARN_OBJC_IMPLICIT_RETAIN_SELF = YES;
				CLANG_WARN_OBJC_LITERAL_CONVERSION = YES;
				CLANG_WARN_OBJC_ROOT_CLASS = YES_ERROR;
				CLANG_WARN_RANGE_LOOP_ANALYSIS = YES;
				CLANG_WARN_STRICT_PROTOTYPES = YES;
				CLANG_WARN_SUSPICIOUS_MOVE = YES;
				CLANG_WARN_UNGUARDED_AVAILABILITY = YES_AGGRESSIVE;
				CLANG_WARN_UNREACHABLE_CODE = YES;
				CLANG_WARN__DUPLICATE_METHOD_MATCH = YES;
				CODE_SIGN_IDENTITY = "iPhone Developer";
				COPY_PHASE_STRIP = NO;
				CURRENT_PROJECT_VERSION = 1;
				DEBUG_INFORMATION_FORMAT = "dwarf-with-dsym";
				ENABLE_NS_ASSERTIONS = NO;
				ENABLE_STRICT_OBJC_MSGSEND = YES;
				GCC_C_LANGUAGE_STANDARD = gnu11;
				GCC_NO_COMMON_BLOCKS = YES;
				GCC_WARN_64_TO_32_BIT_CONVERSION = YES;
				GCC_WARN_ABOUT_RETURN_TYPE = YES_ERROR;
				GCC_WARN_UNDECLARED_SELECTOR = YES;
				GCC_WARN_UNINITIALIZED_AUTOS = YES_AGGRESSIVE;
				GCC_WARN_UNUSED_FUNCTION = YES;
				GCC_WARN_UNUSED_VARIABLE = YES;
				IPHONEOS_DEPLOYMENT_TARGET = 8.0;
				MTL_ENABLE_DEBUG_INFO = NO;
				SDKROOT = iphoneos;
				VALIDATE_PRODUCT = YES;
				VERSIONING_SYSTEM = "apple-generic";
				VERSION_INFO_PREFIX = "";
			};
			name = Release;
		};
		600E1B902093993F00B1AD9C /* Debug */ = {
			isa = XCBuildConfiguration;
			buildSettings = {
				CODE_SIGN_IDENTITY = "";
				CODE_SIGN_STYLE = Automatic;
				DEFINES_MODULE = YES;
				DEVELOPMENT_TEAM = LJS4M4E7P5;
				DYLIB_COMPATIBILITY_VERSION = 1;
				DYLIB_CURRENT_VERSION = 1;
				DYLIB_INSTALL_NAME_BASE = "@rpath";
				INFOPLIST_FILE = PrepareForSegue/Info.plist;
				INSTALL_PATH = "$(LOCAL_LIBRARY_DIR)/Frameworks";
				LD_RUNPATH_SEARCH_PATHS = (
					"$(inherited)",
					"@executable_path/Frameworks",
					"@loader_path/Frameworks",
				);
				PRODUCT_BUNDLE_IDENTIFIER = com.antonsergeev88.PrepareForSegue;
				PRODUCT_NAME = "$(TARGET_NAME:c99extidentifier)";
				SKIP_INSTALL = YES;
				TARGETED_DEVICE_FAMILY = "1,2";
			};
			name = Debug;
		};
		600E1B912093993F00B1AD9C /* Release */ = {
			isa = XCBuildConfiguration;
			buildSettings = {
				CODE_SIGN_IDENTITY = "";
				CODE_SIGN_STYLE = Automatic;
				DEFINES_MODULE = YES;
				DEVELOPMENT_TEAM = LJS4M4E7P5;
				DYLIB_COMPATIBILITY_VERSION = 1;
				DYLIB_CURRENT_VERSION = 1;
				DYLIB_INSTALL_NAME_BASE = "@rpath";
				INFOPLIST_FILE = PrepareForSegue/Info.plist;
				INSTALL_PATH = "$(LOCAL_LIBRARY_DIR)/Frameworks";
				LD_RUNPATH_SEARCH_PATHS = (
					"$(inherited)",
					"@executable_path/Frameworks",
					"@loader_path/Frameworks",
				);
				PRODUCT_BUNDLE_IDENTIFIER = com.antonsergeev88.PrepareForSegue;
				PRODUCT_NAME = "$(TARGET_NAME:c99extidentifier)";
				SKIP_INSTALL = YES;
				TARGETED_DEVICE_FAMILY = "1,2";
			};
			name = Release;
		};
		600E1B932093993F00B1AD9C /* Debug */ = {
			isa = XCBuildConfiguration;
			buildSettings = {
				CODE_SIGN_STYLE = Automatic;
				DEVELOPMENT_TEAM = LJS4M4E7P5;
				INFOPLIST_FILE = PrepareForSegueTests/Info.plist;
				LD_RUNPATH_SEARCH_PATHS = (
					"$(inherited)",
					"@executable_path/Frameworks",
					"@loader_path/Frameworks",
				);
				PRODUCT_BUNDLE_IDENTIFIER = com.antonsergeev88.PrepareForSegueTests;
				PRODUCT_NAME = "$(TARGET_NAME)";
				TARGETED_DEVICE_FAMILY = "1,2";
			};
			name = Debug;
		};
		600E1B942093993F00B1AD9C /* Release */ = {
			isa = XCBuildConfiguration;
			buildSettings = {
				CODE_SIGN_STYLE = Automatic;
				DEVELOPMENT_TEAM = LJS4M4E7P5;
				INFOPLIST_FILE = PrepareForSegueTests/Info.plist;
				LD_RUNPATH_SEARCH_PATHS = (
					"$(inherited)",
					"@executable_path/Frameworks",
					"@loader_path/Frameworks",
				);
				PRODUCT_BUNDLE_IDENTIFIER = com.antonsergeev88.PrepareForSegueTests;
				PRODUCT_NAME = "$(TARGET_NAME)";
				TARGETED_DEVICE_FAMILY = "1,2";
			};
			name = Release;
		};
		6043498F2094C3A200127C7A /* Debug */ = {
			isa = XCBuildConfiguration;
			buildSettings = {
				ASSETCATALOG_COMPILER_APPICON_NAME = AppIcon;
				CODE_SIGN_STYLE = Automatic;
				DEVELOPMENT_TEAM = LJS4M4E7P5;
				INFOPLIST_FILE = PrepareForSegueSample/Info.plist;
				IPHONEOS_DEPLOYMENT_TARGET = 11.3;
				LD_RUNPATH_SEARCH_PATHS = (
					"$(inherited)",
					"@executable_path/Frameworks",
				);
				PRODUCT_BUNDLE_IDENTIFIER = com.antonsergeev88.PrepareForSegueSample;
				PRODUCT_NAME = "$(TARGET_NAME)";
				SWIFT_ACTIVE_COMPILATION_CONDITIONS = DEBUG;
				SWIFT_OPTIMIZATION_LEVEL = "-Onone";
				SWIFT_VERSION = 4.0;
				TARGETED_DEVICE_FAMILY = "1,2";
			};
			name = Debug;
		};
		604349902094C3A200127C7A /* Release */ = {
			isa = XCBuildConfiguration;
			buildSettings = {
				ASSETCATALOG_COMPILER_APPICON_NAME = AppIcon;
				CODE_SIGN_STYLE = Automatic;
				DEVELOPMENT_TEAM = LJS4M4E7P5;
				INFOPLIST_FILE = PrepareForSegueSample/Info.plist;
				IPHONEOS_DEPLOYMENT_TARGET = 11.3;
				LD_RUNPATH_SEARCH_PATHS = (
					"$(inherited)",
					"@executable_path/Frameworks",
				);
				PRODUCT_BUNDLE_IDENTIFIER = com.antonsergeev88.PrepareForSegueSample;
				PRODUCT_NAME = "$(TARGET_NAME)";
				SWIFT_COMPILATION_MODE = wholemodule;
				SWIFT_OPTIMIZATION_LEVEL = "-O";
				SWIFT_VERSION = 4.0;
				TARGETED_DEVICE_FAMILY = "1,2";
			};
			name = Release;
		};
/* End XCBuildConfiguration section */

/* Begin XCConfigurationList section */
		600E1B752093993E00B1AD9C /* Build configuration list for PBXProject "PrepareForSegue" */ = {
			isa = XCConfigurationList;
			buildConfigurations = (
				600E1B8D2093993F00B1AD9C /* Debug */,
				600E1B8E2093993F00B1AD9C /* Release */,
			);
			defaultConfigurationIsVisible = 0;
			defaultConfigurationName = Release;
		};
		600E1B8F2093993F00B1AD9C /* Build configuration list for PBXNativeTarget "PrepareForSegue" */ = {
			isa = XCConfigurationList;
			buildConfigurations = (
				600E1B902093993F00B1AD9C /* Debug */,
				600E1B912093993F00B1AD9C /* Release */,
			);
			defaultConfigurationIsVisible = 0;
			defaultConfigurationName = Release;
		};
		600E1B922093993F00B1AD9C /* Build configuration list for PBXNativeTarget "PrepareForSegueTests" */ = {
			isa = XCConfigurationList;
			buildConfigurations = (
				600E1B932093993F00B1AD9C /* Debug */,
				600E1B942093993F00B1AD9C /* Release */,
			);
			defaultConfigurationIsVisible = 0;
			defaultConfigurationName = Release;
		};
		604349912094C3A200127C7A /* Build configuration list for PBXNativeTarget "PrepareForSegueSample" */ = {
			isa = XCConfigurationList;
			buildConfigurations = (
				6043498F2094C3A200127C7A /* Debug */,
				604349902094C3A200127C7A /* Release */,
			);
			defaultConfigurationIsVisible = 0;
			defaultConfigurationName = Release;
		};
/* End XCConfigurationList section */
	};
	rootObject = 600E1B722093993E00B1AD9C /* Project object */;
}
